// !$*UTF8*$!
{
	archiveVersion = 1;
	classes = {
	};
	objectVersion = 46;
	objects = {

/* Begin PBXBuildFile section */
		40B135D61A24FEB300B47590 /* AppDelegate.swift in Sources */ = {isa = PBXBuildFile; fileRef = 40B135D51A24FEB300B47590 /* AppDelegate.swift */; };
		40B135D91A24FEB400B47590 /* PostCard.xcdatamodeld in Sources */ = {isa = PBXBuildFile; fileRef = 40B135D71A24FEB300B47590 /* PostCard.xcdatamodeld */; };
		40B135DB1A24FEB400B47590 /* ViewController.swift in Sources */ = {isa = PBXBuildFile; fileRef = 40B135DA1A24FEB400B47590 /* ViewController.swift */; };
		40B135DE1A24FEB400B47590 /* Main.storyboard in Resources */ = {isa = PBXBuildFile; fileRef = 40B135DC1A24FEB400B47590 /* Main.storyboard */; };
		40B135E01A24FEB400B47590 /* Images.xcassets in Resources */ = {isa = PBXBuildFile; fileRef = 40B135DF1A24FEB400B47590 /* Images.xcassets */; };
		40B135E31A24FEB400B47590 /* LaunchScreen.xib in Resources */ = {isa = PBXBuildFile; fileRef = 40B135E11A24FEB400B47590 /* LaunchScreen.xib */; };
		40B135EF1A24FEB400B47590 /* PostCardTests.swift in Sources */ = {isa = PBXBuildFile; fileRef = 40B135EE1A24FEB400B47590 /* PostCardTests.swift */; };
		40B135F91A2506CD00B47590 /* sagrada-familia.png in Resources */ = {isa = PBXBuildFile; fileRef = 40B135F81A2506CD00B47590 /* sagrada-familia.png */; };
		40B135FB1A2509FB00B47590 /* albert-einstein.jpg in Resources */ = {isa = PBXBuildFile; fileRef = 40B135FA1A2509FB00B47590 /* albert-einstein.jpg */; };
/* End PBXBuildFile section */

/* Begin PBXContainerItemProxy section */
		40B135E91A24FEB400B47590 /* PBXContainerItemProxy */ = {
			isa = PBXContainerItemProxy;
			containerPortal = 40B135C81A24FEB300B47590 /* Project object */;
			proxyType = 1;
			remoteGlobalIDString = 40B135CF1A24FEB300B47590;
			remoteInfo = PostCard;
		};
/* End PBXContainerItemProxy section */

/* Begin PBXFileReference section */
		40B135D01A24FEB300B47590 /* PostCard.app */ = {isa = PBXFileReference; explicitFileType = wrapper.application; includeInIndex = 0; path = PostCard.app; sourceTree = BUILT_PRODUCTS_DIR; };
		40B135D41A24FEB300B47590 /* Info.plist */ = {isa = PBXFileReference; lastKnownFileType = text.plist.xml; path = Info.plist; sourceTree = "<group>"; };
		40B135D51A24FEB300B47590 /* AppDelegate.swift */ = {isa = PBXFileReference; lastKnownFileType = sourcecode.swift; path = AppDelegate.swift; sourceTree = "<group>"; };
		40B135D81A24FEB300B47590 /* PostCard.xcdatamodel */ = {isa = PBXFileReference; lastKnownFileType = wrapper.xcdatamodel; path = PostCard.xcdatamodel; sourceTree = "<group>"; };
		40B135DA1A24FEB400B47590 /* ViewController.swift */ = {isa = PBXFileReference; lastKnownFileType = sourcecode.swift; path = ViewController.swift; sourceTree = "<group>"; };
		40B135DD1A24FEB400B47590 /* Base */ = {isa = PBXFileReference; lastKnownFileType = file.storyboard; name = Base; path = Base.lproj/Main.storyboard; sourceTree = "<group>"; };
		40B135DF1A24FEB400B47590 /* Images.xcassets */ = {isa = PBXFileReference; lastKnownFileType = folder.assetcatalog; path = Images.xcassets; sourceTree = "<group>"; };
		40B135E21A24FEB400B47590 /* Base */ = {isa = PBXFileReference; lastKnownFileType = file.xib; name = Base; path = Base.lproj/LaunchScreen.xib; sourceTree = "<group>"; };
		40B135E81A24FEB400B47590 /* PostCardTests.xctest */ = {isa = PBXFileReference; explicitFileType = wrapper.cfbundle; includeInIndex = 0; path = PostCardTests.xctest; sourceTree = BUILT_PRODUCTS_DIR; };
		40B135ED1A24FEB400B47590 /* Info.plist */ = {isa = PBXFileReference; lastKnownFileType = text.plist.xml; path = Info.plist; sourceTree = "<group>"; };
		40B135EE1A24FEB400B47590 /* PostCardTests.swift */ = {isa = PBXFileReference; lastKnownFileType = sourcecode.swift; path = PostCardTests.swift; sourceTree = "<group>"; };
		40B135F81A2506CD00B47590 /* sagrada-familia.png */ = {isa = PBXFileReference; lastKnownFileType = image.png; path = "sagrada-familia.png"; sourceTree = "<group>"; };
		40B135FA1A2509FB00B47590 /* albert-einstein.jpg */ = {isa = PBXFileReference; lastKnownFileType = image.jpeg; path = "albert-einstein.jpg"; sourceTree = "<group>"; };
/* End PBXFileReference section */

/* Begin PBXFrameworksBuildPhase section */
		40B135CD1A24FEB300B47590 /* Frameworks */ = {
			isa = PBXFrameworksBuildPhase;
			buildActionMask = 2147483647;
			files = (
			);
			runOnlyForDeploymentPostprocessing = 0;
		};
		40B135E51A24FEB400B47590 /* Frameworks */ = {
			isa = PBXFrameworksBuildPhase;
			buildActionMask = 2147483647;
			files = (
			);
			runOnlyForDeploymentPostprocessing = 0;
		};
/* End PBXFrameworksBuildPhase section */

/* Begin PBXGroup section */
		40B135C71A24FEB300B47590 = {
			isa = PBXGroup;
			children = (
				40B135D21A24FEB300B47590 /* PostCard */,
				40B135EB1A24FEB400B47590 /* PostCardTests */,
				40B135D11A24FEB300B47590 /* Products */,
			);
			sourceTree = "<group>";
		};
		40B135D11A24FEB300B47590 /* Products */ = {
			isa = PBXGroup;
			children = (
				40B135D01A24FEB300B47590 /* PostCard.app */,
				40B135E81A24FEB400B47590 /* PostCardTests.xctest */,
			);
			name = Products;
			sourceTree = "<group>";
		};
		40B135D21A24FEB300B47590 /* PostCard */ = {
			isa = PBXGroup;
			children = (
				40B135D51A24FEB300B47590 /* AppDelegate.swift */,
				40B135DA1A24FEB400B47590 /* ViewController.swift */,
				40B135DC1A24FEB400B47590 /* Main.storyboard */,
				40B135DF1A24FEB400B47590 /* Images.xcassets */,
				40B135E11A24FEB400B47590 /* LaunchScreen.xib */,
				40B135D71A24FEB300B47590 /* PostCard.xcdatamodeld */,
				40B135D31A24FEB300B47590 /* Supporting Files */,
			);
			path = PostCard;
			sourceTree = "<group>";
		};
		40B135D31A24FEB300B47590 /* Supporting Files */ = {
			isa = PBXGroup;
			children = (
				40B135FA1A2509FB00B47590 /* albert-einstein.jpg */,
				40B135F81A2506CD00B47590 /* sagrada-familia.png */,
				40B135D41A24FEB300B47590 /* Info.plist */,
			);
			name = "Supporting Files";
			sourceTree = "<group>";
		};
		40B135EB1A24FEB400B47590 /* PostCardTests */ = {
			isa = PBXGroup;
			children = (
				40B135EE1A24FEB400B47590 /* PostCardTests.swift */,
				40B135EC1A24FEB400B47590 /* Supporting Files */,
			);
			path = PostCardTests;
			sourceTree = "<group>";
		};
		40B135EC1A24FEB400B47590 /* Supporting Files */ = {
			isa = PBXGroup;
			children = (
				40B135ED1A24FEB400B47590 /* Info.plist */,
			);
			name = "Supporting Files";
			sourceTree = "<group>";
		};
/* End PBXGroup section */

/* Begin PBXNativeTarget section */
		40B135CF1A24FEB300B47590 /* PostCard */ = {
			isa = PBXNativeTarget;
			buildConfigurationList = 40B135F21A24FEB400B47590 /* Build configuration list for PBXNativeTarget "PostCard" */;
			buildPhases = (
				40B135CC1A24FEB300B47590 /* Sources */,
				40B135CD1A24FEB300B47590 /* Frameworks */,
				40B135CE1A24FEB300B47590 /* Resources */,
			);
			buildRules = (
			);
			dependencies = (
			);
			name = PostCard;
			productName = PostCard;
			productReference = 40B135D01A24FEB300B47590 /* PostCard.app */;
			productType = "com.apple.product-type.application";
		};
		40B135E71A24FEB400B47590 /* PostCardTests */ = {
			isa = PBXNativeTarget;
			buildConfigurationList = 40B135F51A24FEB400B47590 /* Build configuration list for PBXNativeTarget "PostCardTests" */;
			buildPhases = (
				40B135E41A24FEB400B47590 /* Sources */,
				40B135E51A24FEB400B47590 /* Frameworks */,
				40B135E61A24FEB400B47590 /* Resources */,
			);
			buildRules = (
			);
			dependencies = (
				40B135EA1A24FEB400B47590 /* PBXTargetDependency */,
			);
			name = PostCardTests;
			productName = PostCardTests;
			productReference = 40B135E81A24FEB400B47590 /* PostCardTests.xctest */;
			productType = "com.apple.product-type.bundle.unit-test";
		};
/* End PBXNativeTarget section */

/* Begin PBXProject section */
		40B135C81A24FEB300B47590 /* Project object */ = {
			isa = PBXProject;
			attributes = {
				LastUpgradeCheck = 0610;
				ORGANIZATIONNAME = MySelf.Inc;
				TargetAttributes = {
					40B135CF1A24FEB300B47590 = {
						CreatedOnToolsVersion = 6.1;
					};
					40B135E71A24FEB400B47590 = {
						CreatedOnToolsVersion = 6.1;
						TestTargetID = 40B135CF1A24FEB300B47590;
					};
				};
			};
			buildConfigurationList = 40B135CB1A24FEB300B47590 /* Build configuration list for PBXProject "PostCard" */;
			compatibilityVersion = "Xcode 3.2";
			developmentRegion = English;
			hasScannedForEncodings = 0;
			knownRegions = (
				en,
				Base,
			);
			mainGroup = 40B135C71A24FEB300B47590;
			productRefGroup = 40B135D11A24FEB300B47590 /* Products */;
			projectDirPath = "";
			projectRoot = "";
			targets = (
				40B135CF1A24FEB300B47590 /* PostCard */,
				40B135E71A24FEB400B47590 /* PostCardTests */,
			);
		};
/* End PBXProject section */

/* Begin PBXResourcesBuildPhase section */
		40B135CE1A24FEB300B47590 /* Resources */ = {
			isa = PBXResourcesBuildPhase;
			buildActionMask = 2147483647;
			files = (
				40B135DE1A24FEB400B47590 /* Main.storyboard in Resources */,
				40B135F91A2506CD00B47590 /* sagrada-familia.png in Resources */,
				40B135E31A24FEB400B47590 /* LaunchScreen.xib in Resources */,
				40B135E01A24FEB400B47590 /* Images.xcassets in Resources */,
				40B135FB1A2509FB00B47590 /* albert-einstein.jpg in Resources */,
			);
			runOnlyForDeploymentPostprocessing = 0;
		};
		40B135E61A24FEB400B47590 /* Resources */ = {
			isa = PBXResourcesBuildPhase;
			buildActionMask = 2147483647;
			files = (
			);
			runOnlyForDeploymentPostprocessing = 0;
		};
/* End PBXResourcesBuildPhase section */

/* Begin PBXSourcesBuildPhase section */
		40B135CC1A24FEB300B47590 /* Sources */ = {
			isa = PBXSourcesBuildPhase;
			buildActionMask = 2147483647;
			files = (
				40B135DB1A24FEB400B47590 /* ViewController.swift in Sources */,
				40B135D61A24FEB300B47590 /* AppDelegate.swift in Sources */,
				40B135D91A24FEB400B47590 /* PostCard.xcdatamodeld in Sources */,
			);
			runOnlyForDeploymentPostprocessing = 0;
		};
		40B135E41A24FEB400B47590 /* Sources */ = {
			isa = PBXSourcesBuildPhase;
			buildActionMask = 2147483647;
			files = (
				40B135EF1A24FEB400B47590 /* PostCardTests.swift in Sources */,
			);
			runOnlyForDeploymentPostprocessing = 0;
		};
/* End PBXSourcesBuildPhase section */

/* Begin PBXTargetDependency section */
		40B135EA1A24FEB400B47590 /* PBXTargetDependency */ = {
			isa = PBXTargetDependency;
			target = 40B135CF1A24FEB300B47590 /* PostCard */;
			targetProxy = 40B135E91A24FEB400B47590 /* PBXContainerItemProxy */;
		};
/* End PBXTargetDependency section */

/* Begin PBXVariantGroup section */
		40B135DC1A24FEB400B47590 /* Main.storyboard */ = {
			isa = PBXVariantGroup;
			children = (
				40B135DD1A24FEB400B47590 /* Base */,
			);
			name = Main.storyboard;
			sourceTree = "<group>";
		};
		40B135E11A24FEB400B47590 /* LaunchScreen.xib */ = {
			isa = PBXVariantGroup;
			children = (
				40B135E21A24FEB400B47590 /* Base */,
			);
			name = LaunchScreen.xib;
			sourceTree = "<group>";
		};
/* End PBXVariantGroup section */

/* Begin XCBuildConfiguration section */
		40B135F01A24FEB400B47590 /* Debug */ = {
			isa = XCBuildConfiguration;
			buildSettings = {
				ALWAYS_SEARCH_USER_PATHS = NO;
				CLANG_CXX_LANGUAGE_STANDARD = "gnu++0x";
				CLANG_CXX_LIBRARY = "libc++";
				CLANG_ENABLE_MODULES = YES;
				CLANG_ENABLE_OBJC_ARC = YES;
				CLANG_WARN_BOOL_CONVERSION = YES;
				CLANG_WARN_CONSTANT_CONVERSION = YES;
				CLANG_WARN_DIRECT_OBJC_ISA_USAGE = YES_ERROR;
				CLANG_WARN_EMPTY_BODY = YES;
				CLANG_WARN_ENUM_CONVERSION = YES;
				CLANG_WARN_INT_CONVERSION = YES;
				CLANG_WARN_OBJC_ROOT_CLASS = YES_ERROR;
				CLANG_WARN_UNREACHABLE_CODE = YES;
				CLANG_WARN__DUPLICATE_METHOD_MATCH = YES;
				"CODE_SIGN_IDENTITY[sdk=iphoneos*]" = "iPhone Developer";
				COPY_PHASE_STRIP = NO;
				ENABLE_STRICT_OBJC_MSGSEND = YES;
				GCC_C_LANGUAGE_STANDARD = gnu99;
				GCC_DYNAMIC_NO_PIC = NO;
				GCC_OPTIMIZATION_LEVEL = 0;
				GCC_PREPROCESSOR_DEFINITIONS = (
					"DEBUG=1",
					"$(inherited)",
				);
				GCC_SYMBOLS_PRIVATE_EXTERN = NO;
				GCC_WARN_64_TO_32_BIT_CONVERSION = YES;
				GCC_WARN_ABOUT_RETURN_TYPE = YES_ERROR;
				GCC_WARN_UNDECLARED_SELECTOR = YES;
				GCC_WARN_UNINITIALIZED_AUTOS = YES_AGGRESSIVE;
				GCC_WARN_UNUSED_FUNCTION = YES;
				GCC_WARN_UNUSED_VARIABLE = YES;
				IPHONEOS_DEPLOYMENT_TARGET = 8.1;
				MTL_ENABLE_DEBUG_INFO = YES;
				ONLY_ACTIVE_ARCH = YES;
				SDKROOT = iphoneos;
				SWIFT_OPTIMIZATION_LEVEL = "-Onone";
				TARGETED_DEVICE_FAMILY = "1,2";
			};
			name = Debug;
		};
		40B135F11A24FEB400B47590 /* Release */ = {
			isa = XCBuildConfiguration;
			buildSettings = {
				ALWAYS_SEARCH_USER_PATHS = NO;
				CLANG_CXX_LANGUAGE_STANDARD = "gnu++0x";
				CLANG_CXX_LIBRARY = "libc++";
				CLANG_ENABLE_MODULES = YES;
				CLANG_ENABLE_OBJC_ARC = YES;
				CLANG_WARN_BOOL_CONVERSION = YES;
				CLANG_WARN_CONSTANT_CONVERSION = YES;
				CLANG_WARN_DIRECT_OBJC_ISA_USAGE = YES_ERROR;
				CLANG_WARN_EMPTY_BODY = YES;
				CLANG_WARN_ENUM_CONVERSION = YES;
				CLANG_WARN_INT_CONVERSION = YES;
				CLANG_WARN_OBJC_ROOT_CLASS = YES_ERROR;
				CLANG_WARN_UNREACHABLE_CODE = YES;
				CLANG_WARN__DUPLICATE_METHOD_MATCH = YES;
				"CODE_SIGN_IDENTITY[sdk=iphoneos*]" = "iPhone Developer";
				COPY_PHASE_STRIP = YES;
				ENABLE_NS_ASSERTIONS = NO;
				ENABLE_STRICT_OBJC_MSGSEND = YES;
				GCC_C_LANGUAGE_STANDARD = gnu99;
				GCC_WARN_64_TO_32_BIT_CONVERSION = YES;
				GCC_WARN_ABOUT_RETURN_TYPE = YES_ERROR;
				GCC_WARN_UNDECLARED_SELECTOR = YES;
				GCC_WARN_UNINITIALIZED_AUTOS = YES_AGGRESSIVE;
				GCC_WARN_UNUSED_FUNCTION = YES;
				GCC_WARN_UNUSED_VARIABLE = YES;
				IPHONEOS_DEPLOYMENT_TARGET = 8.1;
				MTL_ENABLE_DEBUG_INFO = NO;
				SDKROOT = iphoneos;
				TARGETED_DEVICE_FAMILY = "1,2";
				VALIDATE_PRODUCT = YES;
			};
			name = Release;
		};
		40B135F31A24FEB400B47590 /* Debug */ = {
			isa = XCBuildConfiguration;
			buildSettings = {
				ASSETCATALOG_COMPILER_APPICON_NAME = AppIcon;
				INFOPLIST_FILE = PostCard/Info.plist;
				LD_RUNPATH_SEARCH_PATHS = "$(inherited) @executable_path/Frameworks";
				PRODUCT_NAME = "$(TARGET_NAME)";
			};
			name = Debug;
		};
		40B135F41A24FEB400B47590 /* Release */ = {
			isa = XCBuildConfiguration;
			buildSettings = {
				ASSETCATALOG_COMPILER_APPICON_NAME = AppIcon;
				INFOPLIST_FILE = PostCard/Info.plist;
				LD_RUNPATH_SEARCH_PATHS = "$(inherited) @executable_path/Frameworks";
				PRODUCT_NAME = "$(TARGET_NAME)";
			};
			name = Release;
		};
		40B135F61A24FEB400B47590 /* Debug */ = {
			isa = XCBuildConfiguration;
			buildSettings = {
				BUNDLE_LOADER = "$(TEST_HOST)";
				FRAMEWORK_SEARCH_PATHS = (
					"$(SDKROOT)/Developer/Library/Frameworks",
					"$(inherited)",
				);
				GCC_PREPROCESSOR_DEFINITIONS = (
					"DEBUG=1",
					"$(inherited)",
				);
				INFOPLIST_FILE = PostCardTests/Info.plist;
				LD_RUNPATH_SEARCH_PATHS = "$(inherited) @executable_path/Frameworks @loader_path/Frameworks";
				PRODUCT_NAME = "$(TARGET_NAME)";
				TEST_HOST = "$(BUILT_PRODUCTS_DIR)/PostCard.app/PostCard";
			};
			name = Debug;
		};
		40B135F71A24FEB400B47590 /* Release */ = {
			isa = XCBuildConfiguration;
			buildSettings = {
				BUNDLE_LOADER = "$(TEST_HOST)";
				FRAMEWORK_SEARCH_PATHS = (
					"$(SDKROOT)/Developer/Library/Frameworks",
					"$(inherited)",
				);
				INFOPLIST_FILE = PostCardTests/Info.plist;
				LD_RUNPATH_SEARCH_PATHS = "$(inherited) @executable_path/Frameworks @loader_path/Frameworks";
				PRODUCT_NAME = "$(TARGET_NAME)";
				TEST_HOST = "$(BUILT_PRODUCTS_DIR)/PostCard.app/PostCard";
			};
			name = Release;
		};
/* End XCBuildConfiguration section */

/* Begin XCConfigurationList section */
		40B135CB1A24FEB300B47590 /* Build configuration list for PBXProject "PostCard" */ = {
			isa = XCConfigurationList;
			buildConfigurations = (
				40B135F01A24FEB400B47590 /* Debug */,
				40B135F11A24FEB400B47590 /* Release */,
			);
			defaultConfigurationIsVisible = 0;
			defaultConfigurationName = Release;
		};
		40B135F21A24FEB400B47590 /* Build configuration list for PBXNativeTarget "PostCard" */ = {
			isa = XCConfigurationList;
			buildConfigurations = (
				40B135F31A24FEB400B47590 /* Debug */,
				40B135F41A24FEB400B47590 /* Release */,
			);
			defaultConfigurationIsVisible = 0;
		};
		40B135F51A24FEB400B47590 /* Build configuration list for PBXNativeTarget "PostCardTests" */ = {
			isa = XCConfigurationList;
			buildConfigurations = (
				40B135F61A24FEB400B47590 /* Debug */,
				40B135F71A24FEB400B47590 /* Release */,
			);
			defaultConfigurationIsVisible = 0;
		};
/* End XCConfigurationList section */

/* Begin XCVersionGroup section */
		40B135D71A24FEB300B47590 /* PostCard.xcdatamodeld */ = {
			isa = XCVersionGroup;
			children = (
				40B135D81A24FEB300B47590 /* PostCard.xcdatamodel */,
			);
			currentVersion = 40B135D81A24FEB300B47590 /* PostCard.xcdatamodel */;
			path = PostCard.xcdatamodeld;
			sourceTree = "<group>";
			versionGroupType = wrapper.xcdatamodel;
		};
/* End XCVersionGroup section */
	};
	rootObject = 40B135C81A24FEB300B47590 /* Project object */;
}
